
Microsoft Visual Studio Solution File, Format Version 12.00
# Visual Studio Version 17
VisualStudioVersion = 17.0.32112.339
MinimumVisualStudioVersion = 10.0.40219.1
Project("{FAE04EC0-301F-11D3-BF4B-00C04F79EFBC}") = "WebApplication", "WebApplication\WebApplication.csproj", "{53059525-6050-4AC0-8E65-F4A783B7A990}"
EndProject
Global
	GlobalSection(SolutionConfigurationPlatforms) = preSolution
		Debug|Any CPU = Debug|Any CPU
		Release|Any CPU = Release|Any CPU
	EndGlobalSection
	GlobalSection(ProjectConfigurationPlatforms) = postSolution
		{53059525-6050-4AC0-8E65-F4A783B7A990}.Debug|Any CPU.ActiveCfg = Debug|Any CPU
		{53059525-6050-4AC0-8E65-F4A783B7A990}.Debug|Any CPU.Build.0 = Debug|Any CPU
		{53059525-6050-4AC0-8E65-F4A783B7A990}.Release|Any CPU.ActiveCfg = Release|Any CPU
		{53059525-6050-4AC0-8E65-F4A783B7A990}.Release|Any CPU.Build.0 = Release|Any CPU
	EndGlobalSection
	GlobalSection(SolutionProperties) = preSolution
		HideSolutionNode = FALSE
	EndGlobalSection
	GlobalSection(ExtensibilityGlobals) = postSolution
		SolutionGuid = {6640C91B-B8E2-4287-A2E6-4925E543D0FE}
	EndGlobalSection
EndGlobal
